
Microsoft Visual Studio Solution File, Format Version 12.00
# Visual Studio 15
VisualStudioVersion = 15.0.28307.1433
MinimumVisualStudioVersion = 10.0.40219.1
Project("{FAE04EC0-301F-11D3-BF4B-00C04F79EFBC}") = "ui", "ui\ui.csproj", "{BAD6F181-111D-4326-93A6-7316E17EC05C}"
EndProject
Global
	GlobalSection(SolutionConfigurationPlatforms) = preSolution
		Debug|Any CPU = Debug|Any CPU
		Release|Any CPU = Release|Any CPU
	EndGlobalSection
	GlobalSection(ProjectConfigurationPlatforms) = postSolution
		{BAD6F181-111D-4326-93A6-7316E17EC05C}.Debug|Any CPU.ActiveCfg = Debug|Any CPU
		{BAD6F181-111D-4326-93A6-7316E17EC05C}.Debug|Any CPU.Build.0 = Debug|Any CPU
		{BAD6F181-111D-4326-93A6-7316E17EC05C}.Release|Any CPU.ActiveCfg = Release|Any CPU
		{BAD6F181-111D-4326-93A6-7316E17EC05C}.Release|Any CPU.Build.0 = Release|Any CPU
	EndGlobalSection
	GlobalSection(SolutionProperties) = preSolution
		HideSolutionNode = FALSE
	EndGlobalSection
	GlobalSection(ExtensibilityGlobals) = postSolution
		SolutionGuid = {E3A72F42-3061-4D26-A44E-9660E62A1516}
	EndGlobalSection
EndGlobal
